
Microsoft Visual Studio Solution File, Format Version 12.00
# Visual Studio Version 17
VisualStudioVersion = 17.0.32014.148
MinimumVisualStudioVersion = 10.0.40219.1
Project("{FAE04EC0-301F-11D3-BF4B-00C04F79EFBC}") = "TimeLimiter", "TimeLimiter\TimeLimiter.csproj", "{8BCAE0D3-A2EF-402B-90D4-67355D5E4478}"
EndProject
Global
	GlobalSection(SolutionConfigurationPlatforms) = preSolution
		Debug|Any CPU = Debug|Any CPU
		Release|Any CPU = Release|Any CPU
	EndGlobalSection
	GlobalSection(ProjectConfigurationPlatforms) = postSolution
		{8BCAE0D3-A2EF-402B-90D4-67355D5E4478}.Debug|Any CPU.ActiveCfg = Debug|Any CPU
		{8BCAE0D3-A2EF-402B-90D4-67355D5E4478}.Debug|Any CPU.Build.0 = Debug|Any CPU
		{8BCAE0D3-A2EF-402B-90D4-67355D5E4478}.Release|Any CPU.ActiveCfg = Release|Any CPU
		{8BCAE0D3-A2EF-402B-90D4-67355D5E4478}.Release|Any CPU.Build.0 = Release|Any CPU
	EndGlobalSection
	GlobalSection(SolutionProperties) = preSolution
		HideSolutionNode = FALSE
	EndGlobalSection
	GlobalSection(ExtensibilityGlobals) = postSolution
		SolutionGuid = {A98E0024-C781-4131-9A60-B572E74AB78E}
	EndGlobalSection
EndGlobal
